Microsoft Visual Studio Solution File, Format Version 12.00
# Visual Studio Version 17
VisualStudioVersion = 17.0.31903.59
MinimumVisualStudioVersion = 10.0.40219.1
Project("{FAE04EC0-301F-11D3-BF4B-00C04F79EFBC}") = "AssemblyChain.Core", "src\AssemblyChain.Core\AssemblyChain.Core.csproj", "{C8899378-7DD1-4A8A-89A6-9A321C79E7A6}"
EndProject
Project("{FAE04EC0-301F-11D3-BF4B-00C04F79EFBC}") = "AssemblyChain.Grasshopper", "src\AssemblyChain.Grasshopper\AssemblyChain.Gh.csproj", "{D8899378-7DD1-4A8A-89A6-9A321C79E7A7}"
EndProject
Project("{FAE04EC0-301F-11D3-BF4B-00C04F79EFBC}") = "AssemblyChain.GH", "src\AssemblyChain.GH\AssemblyChain.GH.csproj", "{4D9B5FF9-60CC-4EB9-A4D7-19F1B8A036E7}"
EndProject
Project("{FAE04EC0-301F-11D3-BF4B-00C04F79EFBC}") = "AssemblyChain.Core.Tests", "tests\AssemblyChain.Core.Tests\AssemblyChain.Core.Tests.csproj", "{88E24E0E-C3DD-4C1A-A0BE-77DAFF1BFDCC}"
EndProject
Project("{FAE04EC0-301F-11D3-BF4B-00C04F79EFBC}") = "AssemblyChain.Benchmarks", "tests\AssemblyChain.Benchmarks\AssemblyChain.Benchmarks.csproj", "{B5E2D0F2-5B6F-4B18-8F93-3A40989B3909}"
EndProject
Global
	GlobalSection(SolutionConfigurationPlatforms) = preSolution
		Debug|Any CPU = Debug|Any CPU
		Release|Any CPU = Release|Any CPU
	EndGlobalSection
	GlobalSection(ProjectConfigurationPlatforms) = postSolution
		{C8899378-7DD1-4A8A-89A6-9A321C79E7A6}.Debug|Any CPU.ActiveCfg = Debug|Any CPU
		{C8899378-7DD1-4A8A-89A6-9A321C79E7A6}.Debug|Any CPU.Build.0 = Debug|Any CPU
		{C8899378-7DD1-4A8A-89A6-9A321C79E7A6}.Release|Any CPU.ActiveCfg = Release|Any CPU
		{C8899378-7DD1-4A8A-89A6-9A321C79E7A6}.Release|Any CPU.Build.0 = Release|Any CPU
		{D8899378-7DD1-4A8A-89A6-9A321C79E7A7}.Debug|Any CPU.ActiveCfg = Debug|Any CPU
                {D8899378-7DD1-4A8A-89A6-9A321C79E7A7}.Debug|Any CPU.Build.0 = Debug|Any CPU
                {D8899378-7DD1-4A8A-89A6-9A321C79E7A7}.Release|Any CPU.ActiveCfg = Release|Any CPU
                {D8899378-7DD1-4A8A-89A6-9A321C79E7A7}.Release|Any CPU.Build.0 = Release|Any CPU
                {4D9B5FF9-60CC-4EB9-A4D7-19F1B8A036E7}.Debug|Any CPU.ActiveCfg = Debug|Any CPU
                {4D9B5FF9-60CC-4EB9-A4D7-19F1B8A036E7}.Debug|Any CPU.Build.0 = Debug|Any CPU
                {4D9B5FF9-60CC-4EB9-A4D7-19F1B8A036E7}.Release|Any CPU.ActiveCfg = Release|Any CPU
                {4D9B5FF9-60CC-4EB9-A4D7-19F1B8A036E7}.Release|Any CPU.Build.0 = Release|Any CPU
                {88E24E0E-C3DD-4C1A-A0BE-77DAFF1BFDCC}.Debug|Any CPU.ActiveCfg = Debug|Any CPU
                {88E24E0E-C3DD-4C1A-A0BE-77DAFF1BFDCC}.Debug|Any CPU.Build.0 = Debug|Any CPU
                {88E24E0E-C3DD-4C1A-A0BE-77DAFF1BFDCC}.Release|Any CPU.ActiveCfg = Release|Any CPU
                {88E24E0E-C3DD-4C1A-A0BE-77DAFF1BFDCC}.Release|Any CPU.Build.0 = Release|Any CPU
                {B5E2D0F2-5B6F-4B18-8F93-3A40989B3909}.Debug|Any CPU.ActiveCfg = Debug|Any CPU
                {B5E2D0F2-5B6F-4B18-8F93-3A40989B3909}.Debug|Any CPU.Build.0 = Debug|Any CPU
                {B5E2D0F2-5B6F-4B18-8F93-3A40989B3909}.Release|Any CPU.ActiveCfg = Release|Any CPU
                {B5E2D0F2-5B6F-4B18-8F93-3A40989B3909}.Release|Any CPU.Build.0 = Release|Any CPU
	EndGlobalSection
	GlobalSection(SolutionProperties) = preSolution
		HideSolutionNode = FALSE
	EndGlobalSection
	GlobalSection(ExtensibilityGlobals) = postSolution
		SolutionGuid = {5EE6C86E-3527-403C-B115-ED4D368CC9CA}
	EndGlobalSection
EndGlobal