Microsoft Visual Studio Solution File, Format Version 12.00
# Visual Studio Version 17
VisualStudioVersion = 17.0.31903.59
MinimumVisualStudioVersion = 10.0.40219.1
Project("{FAE04EC0-301F-11D3-BF4B-00C04F79EFBC}") = "AssemblyChain.Core", "src\AssemblyChain.Core\AssemblyChain.Core.csproj", "{C8899378-7DD1-4A8A-89A6-9A321C79E7A6}"
EndProject
Project("{FAE04EC0-301F-11D3-BF4B-00C04F79EFBC}") = "AssemblyChain.Grasshopper", "src\AssemblyChain.Grasshopper\AssemblyChain.Gh.csproj", "{D8899378-7DD1-4A8A-89A6-9A321C79E7A7}"
EndProject
Project("{FAE04EC0-301F-11D3-BF4B-00C04F79EFBC}") = "AssemblyChain.Geometry.Abstractions", "src\AssemblyChain.Geometry.Abstractions\AssemblyChain.Geometry.Abstractions.csproj", "{B308A8D2-ED06-446F-99EB-F00CC428B87E}"
EndProject
EndProject
Project("{FAE04EC0-301F-11D3-BF4B-00C04F79EFBC}") = "AssemblyChain.Geometry", "src\AssemblyChain.Geometry\AssemblyChain.Geometry.csproj", "{F0B6F4C0-619F-4955-A16F-363E5A8E984D}"
EndProject
Project("{FAE04EC0-301F-11D3-BF4B-00C04F79EFBC}") = "AssemblyChain.Constraints", "src\AssemblyChain.Constraints\AssemblyChain.Constraints.csproj", "{4C151503-9FAD-4727-AEEA-0616836AC020}"
EndProject
Project("{FAE04EC0-301F-11D3-BF4B-00C04F79EFBC}") = "AssemblyChain.Graphs", "src\AssemblyChain.Graphs\AssemblyChain.Graphs.csproj", "{68A10861-34CF-457C-A100-BFF20C1597A1}"
EndProject
Project("{FAE04EC0-301F-11D3-BF4B-00C04F79EFBC}") = "AssemblyChain.Planning", "src\AssemblyChain.Planning\AssemblyChain.Planning.csproj", "{7EB9F365-43F3-4A4A-94E7-C531D9326B56}"
EndProject
Project("{FAE04EC0-301F-11D3-BF4B-00C04F79EFBC}") = "AssemblyChain.Analysis", "src\AssemblyChain.Analysis\AssemblyChain.Analysis.csproj", "{83CD3611-D380-43FA-90A9-F1896F93CADD}"
EndProject
Project("{FAE04EC0-301F-11D3-BF4B-00C04F79EFBC}") = "AssemblyChain.IO", "src\AssemblyChain.IO\AssemblyChain.IO.csproj", "{FB5F5AD2-5D97-4946-A6A4-182BB18C974F}"
EndProject
Project("{FAE04EC0-301F-11D3-BF4B-00C04F79EFBC}") = "AssemblyChain.Robotics", "src\AssemblyChain.Robotics\AssemblyChain.Robotics.csproj", "{0C5781E5-D2FF-4824-A96B-D763AA082014}"
EndProject
Project("{FAE04EC0-301F-11D3-BF4B-00C04F79EFBC}") = "AssemblyChain.Core.Tests", "tests\AssemblyChain.Core.Tests\AssemblyChain.Core.Tests.csproj", "{88E24E0E-C3DD-4C1A-A0BE-77DAFF1BFDCC}"
EndProject
Project("{FAE04EC0-301F-11D3-BF4B-00C04F79EFBC}") = "AssemblyChain.Benchmarks", "tests\AssemblyChain.Benchmarks\AssemblyChain.Benchmarks.csproj", "{B5E2D0F2-5B6F-4B18-8F93-3A40989B3909}"
EndProject
Global
	GlobalSection(SolutionConfigurationPlatforms) = preSolution
		Debug|Any CPU = Debug|Any CPU
		Release|Any CPU = Release|Any CPU
	EndGlobalSection
	GlobalSection(ProjectConfigurationPlatforms) = postSolution
		{C8899378-7DD1-4A8A-89A6-9A321C79E7A6}.Debug|Any CPU.ActiveCfg = Debug|Any CPU
		{C8899378-7DD1-4A8A-89A6-9A321C79E7A6}.Debug|Any CPU.Build.0 = Debug|Any CPU
		{C8899378-7DD1-4A8A-89A6-9A321C79E7A6}.Release|Any CPU.ActiveCfg = Release|Any CPU
		{C8899378-7DD1-4A8A-89A6-9A321C79E7A6}.Release|Any CPU.Build.0 = Release|Any CPU
		{D8899378-7DD1-4A8A-89A6-9A321C79E7A7}.Debug|Any CPU.ActiveCfg = Debug|Any CPU
                {D8899378-7DD1-4A8A-89A6-9A321C79E7A7}.Debug|Any CPU.Build.0 = Debug|Any CPU
                {D8899378-7DD1-4A8A-89A6-9A321C79E7A7}.Release|Any CPU.ActiveCfg = Release|Any CPU
                {D8899378-7DD1-4A8A-89A6-9A321C79E7A7}.Release|Any CPU.Build.0 = Release|Any CPU
                {F0B6F4C0-619F-4955-A16F-363E5A8E984D}.Debug|Any CPU.ActiveCfg = Debug|Any CPU
                {F0B6F4C0-619F-4955-A16F-363E5A8E984D}.Debug|Any CPU.Build.0 = Debug|Any CPU
                {F0B6F4C0-619F-4955-A16F-363E5A8E984D}.Release|Any CPU.ActiveCfg = Release|Any CPU
                {F0B6F4C0-619F-4955-A16F-363E5A8E984D}.Release|Any CPU.Build.0 = Release|Any CPU
                {4C151503-9FAD-4727-AEEA-0616836AC020}.Debug|Any CPU.ActiveCfg = Debug|Any CPU
                {4C151503-9FAD-4727-AEEA-0616836AC020}.Debug|Any CPU.Build.0 = Debug|Any CPU
                {4C151503-9FAD-4727-AEEA-0616836AC020}.Release|Any CPU.ActiveCfg = Release|Any CPU
                {4C151503-9FAD-4727-AEEA-0616836AC020}.Release|Any CPU.Build.0 = Release|Any CPU
                {68A10861-34CF-457C-A100-BFF20C1597A1}.Debug|Any CPU.ActiveCfg = Debug|Any CPU
                {68A10861-34CF-457C-A100-BFF20C1597A1}.Debug|Any CPU.Build.0 = Debug|Any CPU
                {68A10861-34CF-457C-A100-BFF20C1597A1}.Release|Any CPU.ActiveCfg = Release|Any CPU
                {68A10861-34CF-457C-A100-BFF20C1597A1}.Release|Any CPU.Build.0 = Release|Any CPU
                {7EB9F365-43F3-4A4A-94E7-C531D9326B56}.Debug|Any CPU.ActiveCfg = Debug|Any CPU
                {7EB9F365-43F3-4A4A-94E7-C531D9326B56}.Debug|Any CPU.Build.0 = Debug|Any CPU
                {7EB9F365-43F3-4A4A-94E7-C531D9326B56}.Release|Any CPU.ActiveCfg = Release|Any CPU
                {7EB9F365-43F3-4A4A-94E7-C531D9326B56}.Release|Any CPU.Build.0 = Release|Any CPU
                {83CD3611-D380-43FA-90A9-F1896F93CADD}.Debug|Any CPU.ActiveCfg = Debug|Any CPU
                {83CD3611-D380-43FA-90A9-F1896F93CADD}.Debug|Any CPU.Build.0 = Debug|Any CPU
                {83CD3611-D380-43FA-90A9-F1896F93CADD}.Release|Any CPU.ActiveCfg = Release|Any CPU
                {83CD3611-D380-43FA-90A9-F1896F93CADD}.Release|Any CPU.Build.0 = Release|Any CPU
                {FB5F5AD2-5D97-4946-A6A4-182BB18C974F}.Debug|Any CPU.ActiveCfg = Debug|Any CPU
                {FB5F5AD2-5D97-4946-A6A4-182BB18C974F}.Debug|Any CPU.Build.0 = Debug|Any CPU
                {FB5F5AD2-5D97-4946-A6A4-182BB18C974F}.Release|Any CPU.ActiveCfg = Release|Any CPU
                {FB5F5AD2-5D97-4946-A6A4-182BB18C974F}.Release|Any CPU.Build.0 = Release|Any CPU
                {0C5781E5-D2FF-4824-A96B-D763AA082014}.Debug|Any CPU.ActiveCfg = Debug|Any CPU
                {0C5781E5-D2FF-4824-A96B-D763AA082014}.Debug|Any CPU.Build.0 = Debug|Any CPU
                {0C5781E5-D2FF-4824-A96B-D763AA082014}.Release|Any CPU.ActiveCfg = Release|Any CPU
                {0C5781E5-D2FF-4824-A96B-D763AA082014}.Release|Any CPU.Build.0 = Release|Any CPU
                {88E24E0E-C3DD-4C1A-A0BE-77DAFF1BFDCC}.Debug|Any CPU.ActiveCfg = Debug|Any CPU
                {88E24E0E-C3DD-4C1A-A0BE-77DAFF1BFDCC}.Debug|Any CPU.Build.0 = Debug|Any CPU
                {88E24E0E-C3DD-4C1A-A0BE-77DAFF1BFDCC}.Release|Any CPU.ActiveCfg = Release|Any CPU
                {88E24E0E-C3DD-4C1A-A0BE-77DAFF1BFDCC}.Release|Any CPU.Build.0 = Release|Any CPU
                {B5E2D0F2-5B6F-4B18-8F93-3A40989B3909}.Debug|Any CPU.ActiveCfg = Debug|Any CPU
                {B5E2D0F2-5B6F-4B18-8F93-3A40989B3909}.Debug|Any CPU.Build.0 = Debug|Any CPU
                {B5E2D0F2-5B6F-4B18-8F93-3A40989B3909}.Release|Any CPU.ActiveCfg = Release|Any CPU
                {B5E2D0F2-5B6F-4B18-8F93-3A40989B3909}.Release|Any CPU.Build.0 = Release|Any CPU
		{B308A8D2-ED06-446F-99EB-F00CC428B87E}.Debug|Any CPU.ActiveCfg = Debug|Any CPU
		{B308A8D2-ED06-446F-99EB-F00CC428B87E}.Debug|Any CPU.Build.0 = Debug|Any CPU
		{B308A8D2-ED06-446F-99EB-F00CC428B87E}.Release|Any CPU.ActiveCfg = Release|Any CPU
		{B308A8D2-ED06-446F-99EB-F00CC428B87E}.Release|Any CPU.Build.0 = Release|Any CPU
	EndGlobalSection
	GlobalSection(SolutionProperties) = preSolution
		HideSolutionNode = FALSE
	EndGlobalSection
	GlobalSection(ExtensibilityGlobals) = postSolution
		SolutionGuid = {5EE6C86E-3527-403C-B115-ED4D368CC9CA}
	EndGlobalSection
EndGlobal
